
Microsoft Visual Studio Solution File, Format Version 12.00
# Visual Studio Version 17
VisualStudioVersion = 17.13.35825.156 d17.13
MinimumVisualStudioVersion = 10.0.40219.1
Project("{8BC9CEB8-8B4A-11D0-8D11-00A0C91BC942}") = "test_git", "test_git.vcxproj", "{F56C9058-E55C-4519-994A-A2E3ACC1CAB5}"
EndProject
Global
	GlobalSection(SolutionConfigurationPlatforms) = preSolution
		Debug|x64 = Debug|x64
		Debug|x86 = Debug|x86
		Release|x64 = Release|x64
		Release|x86 = Release|x86
	EndGlobalSection
	GlobalSection(ProjectConfigurationPlatforms) = postSolution
		{F56C9058-E55C-4519-994A-A2E3ACC1CAB5}.Debug|x64.ActiveCfg = Debug|x64
		{F56C9058-E55C-4519-994A-A2E3ACC1CAB5}.Debug|x64.Build.0 = Debug|x64
		{F56C9058-E55C-4519-994A-A2E3ACC1CAB5}.Debug|x86.ActiveCfg = Debug|Win32
		{F56C9058-E55C-4519-994A-A2E3ACC1CAB5}.Debug|x86.Build.0 = Debug|Win32
		{F56C9058-E55C-4519-994A-A2E3ACC1CAB5}.Release|x64.ActiveCfg = Release|x64
		{F56C9058-E55C-4519-994A-A2E3ACC1CAB5}.Release|x64.Build.0 = Release|x64
		{F56C9058-E55C-4519-994A-A2E3ACC1CAB5}.Release|x86.ActiveCfg = Release|Win32
		{F56C9058-E55C-4519-994A-A2E3ACC1CAB5}.Release|x86.Build.0 = Release|Win32
	EndGlobalSection
	GlobalSection(SolutionProperties) = preSolution
		HideSolutionNode = FALSE
	EndGlobalSection
	GlobalSection(ExtensibilityGlobals) = postSolution
		SolutionGuid = {36A4DFF1-8848-4494-879A-E03909082BEA}
	EndGlobalSection
EndGlobal
